{
  "nodes": {
    "emacs-overlay": {
      "inputs": {
        "flake-utils": "flake-utils",
        "nixpkgs": [
          "nixpkgs"
        ]
      },
      "locked": {
        "lastModified": 1679825980,
        "narHash": "sha256-BhVM99y4WA7pwlQWRX8YM6f4O6y4QbxVh9tC1KXPchs=",
        "owner": "nix-community",
        "repo": "emacs-overlay",
        "rev": "5b1efd399025dce8db4c40b2a63f9519759e325b",
        "type": "github"
      },
      "original": {
        "owner": "nix-community",
        "repo": "emacs-overlay",
        "type": "github"
      }
    },
    "flake-utils": {
      "locked": {
        "lastModified": 1667395993,
        "narHash": "sha256-nuEHfE/LcWyuSWnS8t12N1wc105Qtau+/OdUAjtQ0rA=",
        "owner": "numtide",
        "repo": "flake-utils",
        "rev": "5aed5285a952e0b949eb3ba02c12fa4fcfef535f",
        "type": "github"
      },
      "original": {
        "owner": "numtide",
        "repo": "flake-utils",
        "type": "github"
      }
    },
    "hardware": {
      "locked": {
        "lastModified": 1679765008,
        "narHash": "sha256-VCkg/wC2e882suYDS5PDAemaMLYSOdFm4fsx2gowMR0=",
        "owner": "nixos",
        "repo": "nixos-hardware",
        "rev": "f38f9a4c9b2b6f89a5778465e0afd166a8300680",
        "type": "github"
      },
      "original": {
        "owner": "nixos",
        "repo": "nixos-hardware",
        "type": "github"
      }
    },
    "home-manager": {
      "inputs": {
        "nixpkgs": [
          "nixpkgs"
        ],
        "utils": "utils"
      },
      "locked": {
        "lastModified": 1679786039,
        "narHash": "sha256-VNjswu0Q4bZOkWNuc0+dHvRdjUCj+MnDlRfw/Q0R3vI=",
        "owner": "nix-community",
        "repo": "home-manager",
        "rev": "cf662b6c98a0da81e06066fff0ecf9cbd4627727",
        "type": "github"
      },
      "original": {
        "owner": "nix-community",
        "repo": "home-manager",
        "type": "github"
      }
    },
    "impermanence": {
      "locked": {
        "lastModified": 1675359654,
        "narHash": "sha256-FPxzuvJkcO49g4zkWLSeuZkln54bLoTtrggZDJBH90I=",
        "owner": "nix-community",
        "repo": "impermanence",
        "rev": "6138eb8e737bffabd4c8fc78ae015d4fd6a7e2fd",
        "type": "github"
      },
      "original": {
        "owner": "nix-community",
        "repo": "impermanence",
        "type": "github"
      }
    },
    "nixpkgs": {
      "locked": {
        "lastModified": 1679705136,
        "narHash": "sha256-MDlZUR7wJ3PlPtqwwoGQr3euNOe0vdSSteVVOef7tBY=",
        "owner": "nixos",
        "repo": "nixpkgs",
        "rev": "8f40f2f90b9c9032d1b824442cfbbe0dbabd0dbd",
        "type": "github"
      },
      "original": {
        "owner": "nixos",
        "ref": "nixos-unstable",
        "repo": "nixpkgs",
        "type": "github"
      }
    },
    "nixpkgs-master": {
      "locked": {
        "lastModified": 1679828551,
        "narHash": "sha256-kkRBOcWSW1qTpZxvPeRF/hYFUVUgOD6i4CgKTYJ153s=",
        "owner": "nixos",
        "repo": "nixpkgs",
        "rev": "1364316094ba6575b7c38dd1828a37af39385dca",
        "type": "github"
      },
      "original": {
        "owner": "nixos",
        "repo": "nixpkgs",
        "type": "github"
      }
    },
    "nixpkgs-stable": {
      "locked": {
        "lastModified": 1679710833,
        "narHash": "sha256-9yKVvGX1oAnlc8vTVvN2lRH35q6ETudQbM1w9ragMRU=",
        "owner": "nixos",
        "repo": "nixpkgs",
        "rev": "83607dae4e05e1de755bbc7d7949b33fc1cfbbb9",
        "type": "github"
      },
      "original": {
        "owner": "nixos",
        "ref": "nixos-22.11",
        "repo": "nixpkgs",
        "type": "github"
      }
    },
    "polyword-vim": {
      "flake": false,
      "locked": {
        "lastModified": 1640738537,
        "narHash": "sha256-XCpQZhFpHiNM31iqZXVPTCnMWvk69+zYwneRY7p0rds=",
        "owner": "bendk",
        "repo": "polyword.vim",
        "rev": "80db65de0052238b78ea71070d0e2fef98ded7b2",
        "type": "github"
      },
      "original": {
        "owner": "bendk",
        "repo": "polyword.vim",
        "type": "github"
      }
    },
    "qutebrowser": {
      "flake": false,
      "locked": {
        "lastModified": 1679722707,
        "narHash": "sha256-m3bOy7Hu6SXN/npHFbPAwn3jRukU1L2EUVRJlHMmEyA=",
        "owner": "qutebrowser",
        "repo": "qutebrowser",
        "rev": "c5803587c12c167b4a7c84901db98b65fd590219",
        "type": "github"
      },
      "original": {
        "owner": "qutebrowser",
        "repo": "qutebrowser",
        "type": "github"
      }
    },
    "root": {
      "inputs": {
        "emacs-overlay": "emacs-overlay",
        "hardware": "hardware",
        "home-manager": "home-manager",
        "impermanence": "impermanence",
        "nixpkgs": "nixpkgs",
        "nixpkgs-master": "nixpkgs-master",
        "nixpkgs-stable": "nixpkgs-stable",
        "polyword-vim": "polyword-vim",
        "qutebrowser": "qutebrowser",
        "tmux-gruvbox-truecolor": "tmux-gruvbox-truecolor",
        "wallpapers": "wallpapers"
      }
    },
    "tmux-gruvbox-truecolor": {
      "flake": false,
      "locked": {
        "lastModified": 1625461003,
        "narHash": "sha256-YPRrDDM/V8BX5Y4dnfh8yattYldHes39eC2yxFNpLKA=",
        "owner": "lawabidingcactus",
        "repo": "tmux-gruvbox-truecolor",
        "rev": "7bddb2c3a64deb36ceb3e29cdbe596929ebede23",
        "type": "github"
      },
      "original": {
        "owner": "lawabidingcactus",
        "repo": "tmux-gruvbox-truecolor",
        "type": "github"
      }
    },
    "utils": {
      "locked": {
        "lastModified": 1676283394,
        "narHash": "sha256-XX2f9c3iySLCw54rJ/CZs+ZK6IQy7GXNY4nSOyu2QG4=",
        "owner": "numtide",
        "repo": "flake-utils",
        "rev": "3db36a8b464d0c4532ba1c7dda728f4576d6d073",
        "type": "github"
      },
      "original": {
        "owner": "numtide",
        "repo": "flake-utils",
        "type": "github"
      }
    },
    "wallpapers": {
      "flake": false,
      "locked": {
        "lastModified": 1628696441,
        "narHash": "sha256-6Xx2Sqz6Ed07tVj9bJ+pNI2hYdjBLPQYSUDbfE1TKXk=",
        "ref": "refs/heads/master",
        "rev": "e8e0b8e7a9077ddc6a8b94bf7dc118e3fae65772",
        "revCount": 82,
        "type": "git",
        "url": "https://gitlab.com/dwt1/wallpapers.git"
      },
      "original": {
        "type": "git",
        "url": "https://gitlab.com/dwt1/wallpapers.git"
      }
    }
  },
  "root": "root",
  "version": 7
}
